
Microsoft Visual Studio Solution File, Format Version 12.00
# Visual Studio 15
VisualStudioVersion = 15.0.27703.2035
MinimumVisualStudioVersion = 10.0.40219.1
Project("{FAE04EC0-301F-11D3-BF4B-00C04F79EFBC}") = "debbugging 2", "debbugging 2\debbugging 2.csproj", "{0E0660CD-89F5-4B73-806B-2C1F6108F6DA}"
EndProject
Global
	GlobalSection(SolutionConfigurationPlatforms) = preSolution
		Debug|Any CPU = Debug|Any CPU
		Release|Any CPU = Release|Any CPU
	EndGlobalSection
	GlobalSection(ProjectConfigurationPlatforms) = postSolution
		{0E0660CD-89F5-4B73-806B-2C1F6108F6DA}.Debug|Any CPU.ActiveCfg = Debug|Any CPU
		{0E0660CD-89F5-4B73-806B-2C1F6108F6DA}.Debug|Any CPU.Build.0 = Debug|Any CPU
		{0E0660CD-89F5-4B73-806B-2C1F6108F6DA}.Release|Any CPU.ActiveCfg = Release|Any CPU
		{0E0660CD-89F5-4B73-806B-2C1F6108F6DA}.Release|Any CPU.Build.0 = Release|Any CPU
	EndGlobalSection
	GlobalSection(SolutionProperties) = preSolution
		HideSolutionNode = FALSE
	EndGlobalSection
	GlobalSection(ExtensibilityGlobals) = postSolution
		SolutionGuid = {3342ED55-D7C5-4883-B1FC-54FA44873080}
	EndGlobalSection
EndGlobal
